// !$*UTF8*$!
{
	archiveVersion = 1;
	classes = {
	};
	objectVersion = 46;
	objects = {

/* Begin PBXBuildFile section */
		AE6C216B1CAE1B07009CE61F /* main.m in Sources */ = {isa = PBXBuildFile; fileRef = AE6C216A1CAE1B07009CE61F /* main.m */; };
		AE6C216E1CAE1B07009CE61F /* AppDelegate.m in Sources */ = {isa = PBXBuildFile; fileRef = AE6C216D1CAE1B07009CE61F /* AppDelegate.m */; };
		AE6C21711CAE1B07009CE61F /* ViewController.m in Sources */ = {isa = PBXBuildFile; fileRef = AE6C21701CAE1B07009CE61F /* ViewController.m */; };
		AE6C21741CAE1B07009CE61F /* Main.storyboard in Resources */ = {isa = PBXBuildFile; fileRef = AE6C21721CAE1B07009CE61F /* Main.storyboard */; };
		AE6C21761CAE1B07009CE61F /* Assets.xcassets in Resources */ = {isa = PBXBuildFile; fileRef = AE6C21751CAE1B07009CE61F /* Assets.xcassets */; };
		AE6C21791CAE1B07009CE61F /* LaunchScreen.storyboard in Resources */ = {isa = PBXBuildFile; fileRef = AE6C21771CAE1B07009CE61F /* LaunchScreen.storyboard */; };
/* End PBXBuildFile section */

/* Begin PBXFileReference section */
		AE6C21661CAE1B07009CE61F /* dataPicker.app */ = {isa = PBXFileReference; explicitFileType = wrapper.application; includeInIndex = 0; path = dataPicker.app; sourceTree = BUILT_PRODUCTS_DIR; };
		AE6C216A1CAE1B07009CE61F /* main.m */ = {isa = PBXFileReference; lastKnownFileType = sourcecode.c.objc; path = main.m; sourceTree = "<group>"; };
		AE6C216C1CAE1B07009CE61F /* AppDelegate.h */ = {isa = PBXFileReference; lastKnownFileType = sourcecode.c.h; path = AppDelegate.h; sourceTree = "<group>"; };
		AE6C216D1CAE1B07009CE61F /* AppDelegate.m */ = {isa = PBXFileReference; lastKnownFileType = sourcecode.c.objc; path = AppDelegate.m; sourceTree = "<group>"; };
		AE6C216F1CAE1B07009CE61F /* ViewController.h */ = {isa = PBXFileReference; lastKnownFileType = sourcecode.c.h; path = ViewController.h; sourceTree = "<group>"; };
		AE6C21701CAE1B07009CE61F /* ViewController.m */ = {isa = PBXFileReference; lastKnownFileType = sourcecode.c.objc; path = ViewController.m; sourceTree = "<group>"; };
		AE6C21731CAE1B07009CE61F /* Base */ = {isa = PBXFileReference; lastKnownFileType = file.storyboard; name = Base; path = Base.lproj/Main.storyboard; sourceTree = "<group>"; };
		AE6C21751CAE1B07009CE61F /* Assets.xcassets */ = {isa = PBXFileReference; lastKnownFileType = folder.assetcatalog; path = Assets.xcassets; sourceTree = "<group>"; };
		AE6C21781CAE1B07009CE61F /* Base */ = {isa = PBXFileReference; lastKnownFileType = file.storyboard; name = Base; path = Base.lproj/LaunchScreen.storyboard; sourceTree = "<group>"; };
		AE6C217A1CAE1B07009CE61F /* Info.plist */ = {isa = PBXFileReference; lastKnownFileType = text.plist.xml; path = Info.plist; sourceTree = "<group>"; };
/* End PBXFileReference section */

/* Begin PBXFrameworksBuildPhase section */
		AE6C21631CAE1B07009CE61F /* Frameworks */ = {
			isa = PBXFrameworksBuildPhase;
			buildActionMask = 2147483647;
			files = (
			);
			runOnlyForDeploymentPostprocessing = 0;
		};
/* End PBXFrameworksBuildPhase section */

/* Begin PBXGroup section */
		AE6C215D1CAE1B07009CE61F = {
			isa = PBXGroup;
			children = (
				AE6C21681CAE1B07009CE61F /* dataPicker */,
				AE6C21671CAE1B07009CE61F /* Products */,
			);
			sourceTree = "<group>";
		};
		AE6C21671CAE1B07009CE61F /* Products */ = {
			isa = PBXGroup;
			children = (
				AE6C21661CAE1B07009CE61F /* dataPicker.app */,
			);
			name = Products;
			sourceTree = "<group>";
		};
		AE6C21681CAE1B07009CE61F /* dataPicker */ = {
			isa = PBXGroup;
			children = (
				AE6C216C1CAE1B07009CE61F /* AppDelegate.h */,
				AE6C216D1CAE1B07009CE61F /* AppDelegate.m */,
				AE6C216F1CAE1B07009CE61F /* ViewController.h */,
				AE6C21701CAE1B07009CE61F /* ViewController.m */,
				AE6C21721CAE1B07009CE61F /* Main.storyboard */,
				AE6C21751CAE1B07009CE61F /* Assets.xcassets */,
				AE6C21771CAE1B07009CE61F /* LaunchScreen.storyboard */,
				AE6C217A1CAE1B07009CE61F /* Info.plist */,
				AE6C21691CAE1B07009CE61F /* Supporting Files */,
			);
			path = dataPicker;
			sourceTree = "<group>";
		};
		AE6C21691CAE1B07009CE61F /* Supporting Files */ = {
			isa = PBXGroup;
			children = (
				AE6C216A1CAE1B07009CE61F /* main.m */,
			);
			name = "Supporting Files";
			sourceTree = "<group>";
		};
/* End PBXGroup section */

/* Begin PBXNativeTarget section */
		AE6C21651CAE1B07009CE61F /* dataPicker */ = {
			isa = PBXNativeTarget;
			buildConfigurationList = AE6C217D1CAE1B07009CE61F /* Build configuration list for PBXNativeTarget "dataPicker" */;
			buildPhases = (
				AE6C21621CAE1B07009CE61F /* Sources */,
				AE6C21631CAE1B07009CE61F /* Frameworks */,
				AE6C21641CAE1B07009CE61F /* Resources */,
			);
			buildRules = (
			);
			dependencies = (
			);
			name = dataPicker;
			productName = dataPicker;
			productReference = AE6C21661CAE1B07009CE61F /* dataPicker.app */;
			productType = "com.apple.product-type.application";
		};
/* End PBXNativeTarget section */

/* Begin PBXProject section */
		AE6C215E1CAE1B07009CE61F /* Project object */ = {
			isa = PBXProject;
			attributes = {
				LastUpgradeCheck = 0710;
				ORGANIZATIONNAME = "曾鹏浩";
				TargetAttributes = {
					AE6C21651CAE1B07009CE61F = {
						CreatedOnToolsVersion = 7.1.1;
					};
				};
			};
			buildConfigurationList = AE6C21611CAE1B07009CE61F /* Build configuration list for PBXProject "dataPicker" */;
			compatibilityVersion = "Xcode 3.2";
			developmentRegion = English;
			hasScannedForEncodings = 0;
			knownRegions = (
				en,
				Base,
			);
			mainGroup = AE6C215D1CAE1B07009CE61F;
			productRefGroup = AE6C21671CAE1B07009CE61F /* Products */;
			projectDirPath = "";
			projectRoot = "";
			targets = (
				AE6C21651CAE1B07009CE61F /* dataPicker */,
			);
		};
/* End PBXProject section */

/* Begin PBXResourcesBuildPhase section */
		AE6C21641CAE1B07009CE61F /* Resources */ = {
			isa = PBXResourcesBuildPhase;
			buildActionMask = 2147483647;
			files = (
				AE6C21791CAE1B07009CE61F /* LaunchScreen.storyboard in Resources */,
				AE6C21761CAE1B07009CE61F /* Assets.xcassets in Resources */,
				AE6C21741CAE1B07009CE61F /* Main.storyboard in Resources */,
			);
			runOnlyForDeploymentPostprocessing = 0;
		};
/* End PBXResourcesBuildPhase section */

/* Begin PBXSourcesBuildPhase section */
		AE6C21621CAE1B07009CE61F /* Sources */ = {
			isa = PBXSourcesBuildPhase;
			buildActionMask = 2147483647;
			files = (
				AE6C21711CAE1B07009CE61F /* ViewController.m in Sources */,
				AE6C216E1CAE1B07009CE61F /* AppDelegate.m in Sources */,
				AE6C216B1CAE1B07009CE61F /* main.m in Sources */,
			);
			runOnlyForDeploymentPostprocessing = 0;
		};
/* End PBXSourcesBuildPhase section */

/* Begin PBXVariantGroup section */
		AE6C21721CAE1B07009CE61F /* Main.storyboard */ = {
			isa = PBXVariantGroup;
			children = (
				AE6C21731CAE1B07009CE61F /* Base */,
			);
			name = Main.storyboard;
			sourceTree = "<group>";
		};
		AE6C21771CAE1B07009CE61F /* LaunchScreen.storyboard */ = {
			isa = PBXVariantGroup;
			children = (
				AE6C21781CAE1B07009CE61F /* Base */,
			);
			name = LaunchScreen.storyboard;
			sourceTree = "<group>";
		};
/* End PBXVariantGroup section */

/* Begin XCBuildConfiguration section */
		AE6C217B1CAE1B07009CE61F /* Debug */ = {
			isa = XCBuildConfiguration;
			buildSettings = {
				ALWAYS_SEARCH_USER_PATHS = NO;
				CLANG_CXX_LANGUAGE_STANDARD = "gnu++0x";
				CLANG_CXX_LIBRARY = "libc++";
				CLANG_ENABLE_MODULES = YES;
				CLANG_ENABLE_OBJC_ARC = YES;
				CLANG_WARN_BOOL_CONVERSION = YES;
				CLANG_WARN_CONSTANT_CONVERSION = YES;
				CLANG_WARN_DIRECT_OBJC_ISA_USAGE = YES_ERROR;
				CLANG_WARN_EMPTY_BODY = YES;
				CLANG_WARN_ENUM_CONVERSION = YES;
				CLANG_WARN_INT_CONVERSION = YES;
				CLANG_WARN_OBJC_ROOT_CLASS = YES_ERROR;
				CLANG_WARN_UNREACHABLE_CODE = YES;
				CLANG_WARN__DUPLICATE_METHOD_MATCH = YES;
				"CODE_SIGN_IDENTITY[sdk=iphoneos*]" = "iPhone Developer";
				COPY_PHASE_STRIP = NO;
				DEBUG_INFORMATION_FORMAT = dwarf;
				ENABLE_STRICT_OBJC_MSGSEND = YES;
				ENABLE_TESTABILITY = YES;
				GCC_C_LANGUAGE_STANDARD = gnu99;
				GCC_DYNAMIC_NO_PIC = NO;
				GCC_NO_COMMON_BLOCKS = YES;
				GCC_OPTIMIZATION_LEVEL = 0;
				GCC_PREPROCESSOR_DEFINITIONS = (
					"DEBUG=1",
					"$(inherited)",
				);
				GCC_WARN_64_TO_32_BIT_CONVERSION = YES;
				GCC_WARN_ABOUT_RETURN_TYPE = YES_ERROR;
				GCC_WARN_UNDECLARED_SELECTOR = YES;
				GCC_WARN_UNINITIALIZED_AUTOS = YES_AGGRESSIVE;
				GCC_WARN_UNUSED_FUNCTION = YES;
				GCC_WARN_UNUSED_VARIABLE = YES;
				IPHONEOS_DEPLOYMENT_TARGET = 9.1;
				MTL_ENABLE_DEBUG_INFO = YES;
				ONLY_ACTIVE_ARCH = YES;
				SDKROOT = iphoneos;
				TARGETED_DEVICE_FAMILY = "1,2";
			};
			name = Debug;
		};
		AE6C217C1CAE1B07009CE61F /* Release */ = {
			isa = XCBuildConfiguration;
			buildSettings = {
				ALWAYS_SEARCH_USER_PATHS = NO;
				CLANG_CXX_LANGUAGE_STANDARD = "gnu++0x";
				CLANG_CXX_LIBRARY = "libc++";
				CLANG_ENABLE_MODULES = YES;
				CLANG_ENABLE_OBJC_ARC = YES;
				CLANG_WARN_BOOL_CONVERSION = YES;
				CLANG_WARN_CONSTANT_CONVERSION = YES;
				CLANG_WARN_DIRECT_OBJC_ISA_USAGE = YES_ERROR;
				CLANG_WARN_EMPTY_BODY = YES;
				CLANG_WARN_ENUM_CONVERSION = YES;
				CLANG_WARN_INT_CONVERSION = YES;
				CLANG_WARN_OBJC_ROOT_CLASS = YES_ERROR;
				CLANG_WARN_UNREACHABLE_CODE = YES;
				CLANG_WARN__DUPLICATE_METHOD_MATCH = YES;
				"CODE_SIGN_IDENTITY[sdk=iphoneos*]" = "iPhone Developer";
				COPY_PHASE_STRIP = NO;
				DEBUG_INFORMATION_FORMAT = "dwarf-with-dsym";
				ENABLE_NS_ASSERTIONS = NO;
				ENABLE_STRICT_OBJC_MSGSEND = YES;
				GCC_C_LANGUAGE_STANDARD = gnu99;
				GCC_NO_COMMON_BLOCKS = YES;
				GCC_WARN_64_TO_32_BIT_CONVERSION = YES;
				GCC_WARN_ABOUT_RETURN_TYPE = YES_ERROR;
				GCC_WARN_UNDECLARED_SELECTOR = YES;
				GCC_WARN_UNINITIALIZED_AUTOS = YES_AGGRESSIVE;
				GCC_WARN_UNUSED_FUNCTION = YES;
				GCC_WARN_UNUSED_VARIABLE = YES;
				IPHONEOS_DEPLOYMENT_TARGET = 9.1;
				MTL_ENABLE_DEBUG_INFO = NO;
				SDKROOT = iphoneos;
				TARGETED_DEVICE_FAMILY = "1,2";
				VALIDATE_PRODUCT = YES;
			};
			name = Release;
		};
		AE6C217E1CAE1B07009CE61F /* Debug */ = {
			isa = XCBuildConfiguration;
			buildSettings = {
				ASSETCATALOG_COMPILER_APPICON_NAME = AppIcon;
				INFOPLIST_FILE = dataPicker/Info.plist;
				LD_RUNPATH_SEARCH_PATHS = "$(inherited) @executable_path/Frameworks";
				PRODUCT_BUNDLE_IDENTIFIER = com.thinkofsomethingclever.dataPicker;
				PRODUCT_NAME = "$(TARGET_NAME)";
			};
			name = Debug;
		};
		AE6C217F1CAE1B07009CE61F /* Release */ = {
			isa = XCBuildConfiguration;
			buildSettings = {
				ASSETCATALOG_COMPILER_APPICON_NAME = AppIcon;
				INFOPLIST_FILE = dataPicker/Info.plist;
				LD_RUNPATH_SEARCH_PATHS = "$(inherited) @executable_path/Frameworks";
				PRODUCT_BUNDLE_IDENTIFIER = com.thinkofsomethingclever.dataPicker;
				PRODUCT_NAME = "$(TARGET_NAME)";
			};
			name = Release;
		};
/* End XCBuildConfiguration section */

/* Begin XCConfigurationList section */
		AE6C21611CAE1B07009CE61F /* Build configuration list for PBXProject "dataPicker" */ = {
			isa = XCConfigurationList;
			buildConfigurations = (
				AE6C217B1CAE1B07009CE61F /* Debug */,
				AE6C217C1CAE1B07009CE61F /* Release */,
			);
			defaultConfigurationIsVisible = 0;
			defaultConfigurationName = Release;
		};
		AE6C217D1CAE1B07009CE61F /* Build configuration list for PBXNativeTarget "dataPicker" */ = {
			isa = XCConfigurationList;
			buildConfigurations = (
				AE6C217E1CAE1B07009CE61F /* Debug */,
				AE6C217F1CAE1B07009CE61F /* Release */,
			);
			defaultConfigurationIsVisible = 0;
		};
/* End XCConfigurationList section */
	};
	rootObject = AE6C215E1CAE1B07009CE61F /* Project object */;
}
